
Microsoft Visual Studio Solution File, Format Version 12.00
# Visual Studio Version 17
VisualStudioVersion = 17.1.32104.313
MinimumVisualStudioVersion = 10.0.40219.1
Project("{FAE04EC0-301F-11D3-BF4B-00C04F79EFBC}") = "TeeTurtleAPI", "TeeTurtleAPI\TeeTurtleAPI.csproj", "{D438DBAA-2E33-4D1A-BEE8-BD2826D4A6B5}"
EndProject
Project("{FAE04EC0-301F-11D3-BF4B-00C04F79EFBC}") = "Scrapper", "Scrapper\Scrapper.csproj", "{5126353A-1435-40A8-BEB0-C424D9156072}"
EndProject
Project("{FAE04EC0-301F-11D3-BF4B-00C04F79EFBC}") = "Common", "TShirt\Common.csproj", "{BEAE128A-5C17-4CD3-8BEE-A74937D25895}"
EndProject
Global
	GlobalSection(SolutionConfigurationPlatforms) = preSolution
		Debug|Any CPU = Debug|Any CPU
		Release|Any CPU = Release|Any CPU
	EndGlobalSection
	GlobalSection(ProjectConfigurationPlatforms) = postSolution
		{D438DBAA-2E33-4D1A-BEE8-BD2826D4A6B5}.Debug|Any CPU.ActiveCfg = Debug|Any CPU
		{D438DBAA-2E33-4D1A-BEE8-BD2826D4A6B5}.Debug|Any CPU.Build.0 = Debug|Any CPU
		{D438DBAA-2E33-4D1A-BEE8-BD2826D4A6B5}.Release|Any CPU.ActiveCfg = Release|Any CPU
		{D438DBAA-2E33-4D1A-BEE8-BD2826D4A6B5}.Release|Any CPU.Build.0 = Release|Any CPU
		{5126353A-1435-40A8-BEB0-C424D9156072}.Debug|Any CPU.ActiveCfg = Debug|Any CPU
		{5126353A-1435-40A8-BEB0-C424D9156072}.Debug|Any CPU.Build.0 = Debug|Any CPU
		{5126353A-1435-40A8-BEB0-C424D9156072}.Release|Any CPU.ActiveCfg = Release|Any CPU
		{5126353A-1435-40A8-BEB0-C424D9156072}.Release|Any CPU.Build.0 = Release|Any CPU
		{BEAE128A-5C17-4CD3-8BEE-A74937D25895}.Debug|Any CPU.ActiveCfg = Debug|Any CPU
		{BEAE128A-5C17-4CD3-8BEE-A74937D25895}.Debug|Any CPU.Build.0 = Debug|Any CPU
		{BEAE128A-5C17-4CD3-8BEE-A74937D25895}.Release|Any CPU.ActiveCfg = Release|Any CPU
		{BEAE128A-5C17-4CD3-8BEE-A74937D25895}.Release|Any CPU.Build.0 = Release|Any CPU
	EndGlobalSection
	GlobalSection(SolutionProperties) = preSolution
		HideSolutionNode = FALSE
	EndGlobalSection
	GlobalSection(ExtensibilityGlobals) = postSolution
		SolutionGuid = {07656773-996B-45F2-B2C4-6B88FE734CCB}
	EndGlobalSection
EndGlobal
